
Microsoft Visual Studio Solution File, Format Version 12.00
# Visual Studio Version 17
VisualStudioVersion = 17.4.33205.214
MinimumVisualStudioVersion = 10.0.40219.1
Project("{9A19103F-16F7-4668-BE54-9A1E7A4F7556}") = "Client", "Client.csproj", "{FF83AF3F-1B25-4903-9B01-58654868C9E7}"
EndProject
Global
	GlobalSection(SolutionConfigurationPlatforms) = preSolution
		Debug|Any CPU = Debug|Any CPU
		Release|Any CPU = Release|Any CPU
	EndGlobalSection
	GlobalSection(ProjectConfigurationPlatforms) = postSolution
		{FF83AF3F-1B25-4903-9B01-58654868C9E7}.Debug|Any CPU.ActiveCfg = Debug|Any CPU
		{FF83AF3F-1B25-4903-9B01-58654868C9E7}.Debug|Any CPU.Build.0 = Debug|Any CPU
		{FF83AF3F-1B25-4903-9B01-58654868C9E7}.Release|Any CPU.ActiveCfg = Release|Any CPU
		{FF83AF3F-1B25-4903-9B01-58654868C9E7}.Release|Any CPU.Build.0 = Release|Any CPU
	EndGlobalSection
	GlobalSection(SolutionProperties) = preSolution
		HideSolutionNode = FALSE
	EndGlobalSection
	GlobalSection(ExtensibilityGlobals) = postSolution
		SolutionGuid = {B2B17071-CED5-4FC9-8BF9-A76EA48907E3}
	EndGlobalSection
EndGlobal
